// !$*UTF8*$!
{
	archiveVersion = 1;
	classes = {
	};
	objectVersion = 55;
	objects = {

/* Begin PBXBuildFile section */
		0FA0DA2A277988620039E5DD /* AnyError.swift in Sources */ = {isa = PBXBuildFile; fileRef = 0FA0DA29277988620039E5DD /* AnyError.swift */; };
		0FA0DA2B277988620039E5DD /* AnyError.swift in Sources */ = {isa = PBXBuildFile; fileRef = 0FA0DA29277988620039E5DD /* AnyError.swift */; };
		500413C12776FE7F00EF24BD /* AibmoeApp.swift in Sources */ = {isa = PBXBuildFile; fileRef = 500413B12776FE7E00EF24BD /* AibmoeApp.swift */; };
		500413C22776FE7F00EF24BD /* AibmoeApp.swift in Sources */ = {isa = PBXBuildFile; fileRef = 500413B12776FE7E00EF24BD /* AibmoeApp.swift */; };
		500413C32776FE7F00EF24BD /* ContentView.swift in Sources */ = {isa = PBXBuildFile; fileRef = 500413B22776FE7E00EF24BD /* ContentView.swift */; };
		500413C42776FE7F00EF24BD /* ContentView.swift in Sources */ = {isa = PBXBuildFile; fileRef = 500413B22776FE7E00EF24BD /* ContentView.swift */; };
		500413C52776FE7F00EF24BD /* Assets.xcassets in Resources */ = {isa = PBXBuildFile; fileRef = 500413B32776FE7F00EF24BD /* Assets.xcassets */; };
		500413C62776FE7F00EF24BD /* Assets.xcassets in Resources */ = {isa = PBXBuildFile; fileRef = 500413B32776FE7F00EF24BD /* Assets.xcassets */; };
		500413D32776FF3C00EF24BD /* WindowView.swift in Sources */ = {isa = PBXBuildFile; fileRef = 500413D22776FF3C00EF24BD /* WindowView.swift */; };
		500413D42776FF3C00EF24BD /* WindowView.swift in Sources */ = {isa = PBXBuildFile; fileRef = 500413D22776FF3C00EF24BD /* WindowView.swift */; };
		500413D7277706F000EF24BD /* SwiftAmbiguousPNGPacker in Frameworks */ = {isa = PBXBuildFile; productRef = 500413D6277706F000EF24BD /* SwiftAmbiguousPNGPacker */; };
		500413DA277706FC00EF24BD /* SwiftAmbiguousPNGPacker in Frameworks */ = {isa = PBXBuildFile; productRef = 500413D9277706FC00EF24BD /* SwiftAmbiguousPNGPacker */; };
/* End PBXBuildFile section */

/* Begin PBXFileReference section */
		0FA0DA29277988620039E5DD /* AnyError.swift */ = {isa = PBXFileReference; lastKnownFileType = sourcecode.swift; path = AnyError.swift; sourceTree = "<group>"; };
		500413B12776FE7E00EF24BD /* AibmoeApp.swift */ = {isa = PBXFileReference; lastKnownFileType = sourcecode.swift; path = AibmoeApp.swift; sourceTree = "<group>"; };
		500413B22776FE7E00EF24BD /* ContentView.swift */ = {isa = PBXFileReference; lastKnownFileType = sourcecode.swift; path = ContentView.swift; sourceTree = "<group>"; };
		500413B32776FE7F00EF24BD /* Assets.xcassets */ = {isa = PBXFileReference; lastKnownFileType = folder.assetcatalog; path = Assets.xcassets; sourceTree = "<group>"; };
		500413B82776FE7F00EF24BD /* Aibmoe.app */ = {isa = PBXFileReference; explicitFileType = wrapper.application; includeInIndex = 0; path = Aibmoe.app; sourceTree = BUILT_PRODUCTS_DIR; };
		500413BE2776FE7F00EF24BD /* Aibmoe.app */ = {isa = PBXFileReference; explicitFileType = wrapper.application; includeInIndex = 0; path = Aibmoe.app; sourceTree = BUILT_PRODUCTS_DIR; };
		500413C02776FE7F00EF24BD /* macOS.entitlements */ = {isa = PBXFileReference; lastKnownFileType = text.plist.entitlements; path = macOS.entitlements; sourceTree = "<group>"; };
		500413D22776FF3C00EF24BD /* WindowView.swift */ = {isa = PBXFileReference; lastKnownFileType = sourcecode.swift; path = WindowView.swift; sourceTree = "<group>"; };
/* End PBXFileReference section */

/* Begin PBXFrameworksBuildPhase section */
		500413B52776FE7F00EF24BD /* Frameworks */ = {
			isa = PBXFrameworksBuildPhase;
			buildActionMask = 2147483647;
			files = (
				500413DA277706FC00EF24BD /* SwiftAmbiguousPNGPacker in Frameworks */,
			);
			runOnlyForDeploymentPostprocessing = 0;
		};
		500413BB2776FE7F00EF24BD /* Frameworks */ = {
			isa = PBXFrameworksBuildPhase;
			buildActionMask = 2147483647;
			files = (
				500413D7277706F000EF24BD /* SwiftAmbiguousPNGPacker in Frameworks */,
			);
			runOnlyForDeploymentPostprocessing = 0;
		};
/* End PBXFrameworksBuildPhase section */

/* Begin PBXGroup section */
		500413AB2776FE7E00EF24BD = {
			isa = PBXGroup;
			children = (
				500413B02776FE7E00EF24BD /* Shared */,
				500413BF2776FE7F00EF24BD /* macOS */,
				500413B92776FE7F00EF24BD /* Products */,
				500413D8277706FC00EF24BD /* Frameworks */,
			);
			sourceTree = "<group>";
		};
		500413B02776FE7E00EF24BD /* Shared */ = {
			isa = PBXGroup;
			children = (
				500413B12776FE7E00EF24BD /* AibmoeApp.swift */,
				0FA0DA29277988620039E5DD /* AnyError.swift */,
				500413B22776FE7E00EF24BD /* ContentView.swift */,
				500413D22776FF3C00EF24BD /* WindowView.swift */,
				500413B32776FE7F00EF24BD /* Assets.xcassets */,
			);
			path = Shared;
			sourceTree = "<group>";
		};
		500413B92776FE7F00EF24BD /* Products */ = {
			isa = PBXGroup;
			children = (
				500413B82776FE7F00EF24BD /* Aibmoe.app */,
				500413BE2776FE7F00EF24BD /* Aibmoe.app */,
			);
			name = Products;
			sourceTree = "<group>";
		};
		500413BF2776FE7F00EF24BD /* macOS */ = {
			isa = PBXGroup;
			children = (
				500413C02776FE7F00EF24BD /* macOS.entitlements */,
			);
			path = macOS;
			sourceTree = "<group>";
		};
		500413D8277706FC00EF24BD /* Frameworks */ = {
			isa = PBXGroup;
			children = (
			);
			name = Frameworks;
			sourceTree = "<group>";
		};
/* End PBXGroup section */

/* Begin PBXNativeTarget section */
		500413B72776FE7F00EF24BD /* Aibmoe (iOS) */ = {
			isa = PBXNativeTarget;
			buildConfigurationList = 500413C92776FE7F00EF24BD /* Build configuration list for PBXNativeTarget "Aibmoe (iOS)" */;
			buildPhases = (
				500413B42776FE7F00EF24BD /* Sources */,
				500413B52776FE7F00EF24BD /* Frameworks */,
				500413B62776FE7F00EF24BD /* Resources */,
			);
			buildRules = (
			);
			dependencies = (
			);
			name = "Aibmoe (iOS)";
			packageProductDependencies = (
				500413D9277706FC00EF24BD /* SwiftAmbiguousPNGPacker */,
			);
			productName = "Aibmoe (iOS)";
			productReference = 500413B82776FE7F00EF24BD /* Aibmoe.app */;
			productType = "com.apple.product-type.application";
		};
		500413BD2776FE7F00EF24BD /* Aibmoe (macOS) */ = {
			isa = PBXNativeTarget;
			buildConfigurationList = 500413CC2776FE7F00EF24BD /* Build configuration list for PBXNativeTarget "Aibmoe (macOS)" */;
			buildPhases = (
				500413BA2776FE7F00EF24BD /* Sources */,
				500413BB2776FE7F00EF24BD /* Frameworks */,
				500413BC2776FE7F00EF24BD /* Resources */,
			);
			buildRules = (
			);
			dependencies = (
			);
			name = "Aibmoe (macOS)";
			packageProductDependencies = (
				500413D6277706F000EF24BD /* SwiftAmbiguousPNGPacker */,
			);
			productName = "Aibmoe (macOS)";
			productReference = 500413BE2776FE7F00EF24BD /* Aibmoe.app */;
			productType = "com.apple.product-type.application";
		};
/* End PBXNativeTarget section */

/* Begin PBXProject section */
		500413AC2776FE7E00EF24BD /* Project object */ = {
			isa = PBXProject;
			attributes = {
				BuildIndependentTargetsInParallel = 1;
				LastSwiftUpdateCheck = 1320;
				LastUpgradeCheck = 1320;
				TargetAttributes = {
					500413B72776FE7F00EF24BD = {
						CreatedOnToolsVersion = 13.2.1;
					};
					500413BD2776FE7F00EF24BD = {
						CreatedOnToolsVersion = 13.2.1;
					};
				};
			};
			buildConfigurationList = 500413AF2776FE7E00EF24BD /* Build configuration list for PBXProject "Aibmoe" */;
			compatibilityVersion = "Xcode 13.0";
			developmentRegion = en;
			hasScannedForEncodings = 0;
			knownRegions = (
				en,
				Base,
			);
			mainGroup = 500413AB2776FE7E00EF24BD;
			packageReferences = (
				500413D5277706F000EF24BD /* XCRemoteSwiftPackageReference "SwiftAmbiguousPNGPacker" */,
			);
			productRefGroup = 500413B92776FE7F00EF24BD /* Products */;
			projectDirPath = "";
			projectRoot = "";
			targets = (
				500413B72776FE7F00EF24BD /* Aibmoe (iOS) */,
				500413BD2776FE7F00EF24BD /* Aibmoe (macOS) */,
			);
		};
/* End PBXProject section */

/* Begin PBXResourcesBuildPhase section */
		500413B62776FE7F00EF24BD /* Resources */ = {
			isa = PBXResourcesBuildPhase;
			buildActionMask = 2147483647;
			files = (
				500413C52776FE7F00EF24BD /* Assets.xcassets in Resources */,
			);
			runOnlyForDeploymentPostprocessing = 0;
		};
		500413BC2776FE7F00EF24BD /* Resources */ = {
			isa = PBXResourcesBuildPhase;
			buildActionMask = 2147483647;
			files = (
				500413C62776FE7F00EF24BD /* Assets.xcassets in Resources */,
			);
			runOnlyForDeploymentPostprocessing = 0;
		};
/* End PBXResourcesBuildPhase section */

/* Begin PBXSourcesBuildPhase section */
		500413B42776FE7F00EF24BD /* Sources */ = {
			isa = PBXSourcesBuildPhase;
			buildActionMask = 2147483647;
			files = (
				500413C32776FE7F00EF24BD /* ContentView.swift in Sources */,
				500413D32776FF3C00EF24BD /* WindowView.swift in Sources */,
				500413C12776FE7F00EF24BD /* AibmoeApp.swift in Sources */,
				0FA0DA2A277988620039E5DD /* AnyError.swift in Sources */,
			);
			runOnlyForDeploymentPostprocessing = 0;
		};
		500413BA2776FE7F00EF24BD /* Sources */ = {
			isa = PBXSourcesBuildPhase;
			buildActionMask = 2147483647;
			files = (
				500413C42776FE7F00EF24BD /* ContentView.swift in Sources */,
				500413D42776FF3C00EF24BD /* WindowView.swift in Sources */,
				500413C22776FE7F00EF24BD /* AibmoeApp.swift in Sources */,
				0FA0DA2B277988620039E5DD /* AnyError.swift in Sources */,
			);
			runOnlyForDeploymentPostprocessing = 0;
		};
/* End PBXSourcesBuildPhase section */

/* Begin XCBuildConfiguration section */
		500413C72776FE7F00EF24BD /* Debug */ = {
			isa = XCBuildConfiguration;
			buildSettings = {
				ALWAYS_SEARCH_USER_PATHS = NO;
				CLANG_ANALYZER_NONNULL = YES;
				CLANG_ANALYZER_NUMBER_OBJECT_CONVERSION = YES_AGGRESSIVE;
				CLANG_CXX_LANGUAGE_STANDARD = "gnu++17";
				CLANG_CXX_LIBRARY = "libc++";
				CLANG_ENABLE_MODULES = YES;
				CLANG_ENABLE_OBJC_ARC = YES;
				CLANG_ENABLE_OBJC_WEAK = YES;
				CLANG_WARN_BLOCK_CAPTURE_AUTORELEASING = YES;
				CLANG_WARN_BOOL_CONVERSION = YES;
				CLANG_WARN_COMMA = YES;
				CLANG_WARN_CONSTANT_CONVERSION = YES;
				CLANG_WARN_DEPRECATED_OBJC_IMPLEMENTATIONS = YES;
				CLANG_WARN_DIRECT_OBJC_ISA_USAGE = YES_ERROR;
				CLANG_WARN_DOCUMENTATION_COMMENTS = YES;
				CLANG_WARN_EMPTY_BODY = YES;
				CLANG_WARN_ENUM_CONVERSION = YES;
				CLANG_WARN_INFINITE_RECURSION = YES;
				CLANG_WARN_INT_CONVERSION = YES;
				CLANG_WARN_NON_LITERAL_NULL_CONVERSION = YES;
				CLANG_WARN_OBJC_IMPLICIT_RETAIN_SELF = YES;
				CLANG_WARN_OBJC_LITERAL_CONVERSION = YES;
				CLANG_WARN_OBJC_ROOT_CLASS = YES_ERROR;
				CLANG_WARN_QUOTED_INCLUDE_IN_FRAMEWORK_HEADER = YES;
				CLANG_WARN_RANGE_LOOP_ANALYSIS = YES;
				CLANG_WARN_STRICT_PROTOTYPES = YES;
				CLANG_WARN_SUSPICIOUS_MOVE = YES;
				CLANG_WARN_UNGUARDED_AVAILABILITY = YES_AGGRESSIVE;
				CLANG_WARN_UNREACHABLE_CODE = YES;
				CLANG_WARN__DUPLICATE_METHOD_MATCH = YES;
				COPY_PHASE_STRIP = NO;
				DEBUG_INFORMATION_FORMAT = dwarf;
				ENABLE_STRICT_OBJC_MSGSEND = YES;
				ENABLE_TESTABILITY = YES;
				GCC_C_LANGUAGE_STANDARD = gnu11;
				GCC_DYNAMIC_NO_PIC = NO;
				GCC_NO_COMMON_BLOCKS = YES;
				GCC_OPTIMIZATION_LEVEL = 0;
				GCC_PREPROCESSOR_DEFINITIONS = (
					"DEBUG=1",
					"$(inherited)",
				);
				GCC_WARN_64_TO_32_BIT_CONVERSION = YES;
				GCC_WARN_ABOUT_RETURN_TYPE = YES_ERROR;
				GCC_WARN_UNDECLARED_SELECTOR = YES;
				GCC_WARN_UNINITIALIZED_AUTOS = YES_AGGRESSIVE;
				GCC_WARN_UNUSED_FUNCTION = YES;
				GCC_WARN_UNUSED_VARIABLE = YES;
				MTL_ENABLE_DEBUG_INFO = INCLUDE_SOURCE;
				MTL_FAST_MATH = YES;
				ONLY_ACTIVE_ARCH = YES;
				SWIFT_ACTIVE_COMPILATION_CONDITIONS = DEBUG;
				SWIFT_OPTIMIZATION_LEVEL = "-Onone";
			};
			name = Debug;
		};
		500413C82776FE7F00EF24BD /* Release */ = {
			isa = XCBuildConfiguration;
			buildSettings = {
				ALWAYS_SEARCH_USER_PATHS = NO;
				CLANG_ANALYZER_NONNULL = YES;
				CLANG_ANALYZER_NUMBER_OBJECT_CONVERSION = YES_AGGRESSIVE;
				CLANG_CXX_LANGUAGE_STANDARD = "gnu++17";
				CLANG_CXX_LIBRARY = "libc++";
				CLANG_ENABLE_MODULES = YES;
				CLANG_ENABLE_OBJC_ARC = YES;
				CLANG_ENABLE_OBJC_WEAK = YES;
				CLANG_WARN_BLOCK_CAPTURE_AUTORELEASING = YES;
				CLANG_WARN_BOOL_CONVERSION = YES;
				CLANG_WARN_COMMA = YES;
				CLANG_WARN_CONSTANT_CONVERSION = YES;
				CLANG_WARN_DEPRECATED_OBJC_IMPLEMENTATIONS = YES;
				CLANG_WARN_DIRECT_OBJC_ISA_USAGE = YES_ERROR;
				CLANG_WARN_DOCUMENTATION_COMMENTS = YES;
				CLANG_WARN_EMPTY_BODY = YES;
				CLANG_WARN_ENUM_CONVERSION = YES;
				CLANG_WARN_INFINITE_RECURSION = YES;
				CLANG_WARN_INT_CONVERSION = YES;
				CLANG_WARN_NON_LITERAL_NULL_CONVERSION = YES;
				CLANG_WARN_OBJC_IMPLICIT_RETAIN_SELF = YES;
				CLANG_WARN_OBJC_LITERAL_CONVERSION = YES;
				CLANG_WARN_OBJC_ROOT_CLASS = YES_ERROR;
				CLANG_WARN_QUOTED_INCLUDE_IN_FRAMEWORK_HEADER = YES;
				CLANG_WARN_RANGE_LOOP_ANALYSIS = YES;
				CLANG_WARN_STRICT_PROTOTYPES = YES;
				CLANG_WARN_SUSPICIOUS_MOVE = YES;
				CLANG_WARN_UNGUARDED_AVAILABILITY = YES_AGGRESSIVE;
				CLANG_WARN_UNREACHABLE_CODE = YES;
				CLANG_WARN__DUPLICATE_METHOD_MATCH = YES;
				COPY_PHASE_STRIP = NO;
				DEBUG_INFORMATION_FORMAT = "dwarf-with-dsym";
				ENABLE_NS_ASSERTIONS = NO;
				ENABLE_STRICT_OBJC_MSGSEND = YES;
				GCC_C_LANGUAGE_STANDARD = gnu11;
				GCC_NO_COMMON_BLOCKS = YES;
				GCC_WARN_64_TO_32_BIT_CONVERSION = YES;
				GCC_WARN_ABOUT_RETURN_TYPE = YES_ERROR;
				GCC_WARN_UNDECLARED_SELECTOR = YES;
				GCC_WARN_UNINITIALIZED_AUTOS = YES_AGGRESSIVE;
				GCC_WARN_UNUSED_FUNCTION = YES;
				GCC_WARN_UNUSED_VARIABLE = YES;
				MTL_ENABLE_DEBUG_INFO = NO;
				MTL_FAST_MATH = YES;
				SWIFT_COMPILATION_MODE = wholemodule;
				SWIFT_OPTIMIZATION_LEVEL = "-O";
			};
			name = Release;
		};
		500413CA2776FE7F00EF24BD /* Debug */ = {
			isa = XCBuildConfiguration;
			buildSettings = {
				ASSETCATALOG_COMPILER_APPICON_NAME = AppIcon;
				ASSETCATALOG_COMPILER_GLOBAL_ACCENT_COLOR_NAME = AccentColor;
				CODE_SIGN_STYLE = Automatic;
				CURRENT_PROJECT_VERSION = 1;
				ENABLE_PREVIEWS = YES;
				GENERATE_INFOPLIST_FILE = YES;
				INFOPLIST_KEY_UIApplicationSceneManifest_Generation = YES;
				INFOPLIST_KEY_UIApplicationSupportsIndirectInputEvents = YES;
				INFOPLIST_KEY_UILaunchScreen_Generation = YES;
				INFOPLIST_KEY_UISupportedInterfaceOrientations_iPad = "UIInterfaceOrientationPortrait UIInterfaceOrientationPortraitUpsideDown UIInterfaceOrientationLandscapeLeft UIInterfaceOrientationLandscapeRight";
				INFOPLIST_KEY_UISupportedInterfaceOrientations_iPhone = "UIInterfaceOrientationPortrait UIInterfaceOrientationLandscapeLeft UIInterfaceOrientationLandscapeRight";
				IPHONEOS_DEPLOYMENT_TARGET = 15.0;
				LD_RUNPATH_SEARCH_PATHS = (
					"$(inherited)",
					"@executable_path/Frameworks",
				);
				MARKETING_VERSION = 1.0;
				PRODUCT_BUNDLE_IDENTIFIER = wiki.qaq.Aibmoe;
				PRODUCT_NAME = Aibmoe;
				SDKROOT = iphoneos;
				SWIFT_EMIT_LOC_STRINGS = YES;
				SWIFT_VERSION = 5.0;
				TARGETED_DEVICE_FAMILY = "1,2";
			};
			name = Debug;
		};
		500413CB2776FE7F00EF24BD /* Release */ = {
			isa = XCBuildConfiguration;
			buildSettings = {
				ASSETCATALOG_COMPILER_APPICON_NAME = AppIcon;
				ASSETCATALOG_COMPILER_GLOBAL_ACCENT_COLOR_NAME = AccentColor;
				CODE_SIGN_STYLE = Automatic;
				CURRENT_PROJECT_VERSION = 1;
				ENABLE_PREVIEWS = YES;
				GENERATE_INFOPLIST_FILE = YES;
				INFOPLIST_KEY_UIApplicationSceneManifest_Generation = YES;
				INFOPLIST_KEY_UIApplicationSupportsIndirectInputEvents = YES;
				INFOPLIST_KEY_UILaunchScreen_Generation = YES;
				INFOPLIST_KEY_UISupportedInterfaceOrientations_iPad = "UIInterfaceOrientationPortrait UIInterfaceOrientationPortraitUpsideDown UIInterfaceOrientationLandscapeLeft UIInterfaceOrientationLandscapeRight";
				INFOPLIST_KEY_UISupportedInterfaceOrientations_iPhone = "UIInterfaceOrientationPortrait UIInterfaceOrientationLandscapeLeft UIInterfaceOrientationLandscapeRight";
				IPHONEOS_DEPLOYMENT_TARGET = 15.0;
				LD_RUNPATH_SEARCH_PATHS = (
					"$(inherited)",
					"@executable_path/Frameworks",
				);
				MARKETING_VERSION = 1.0;
				PRODUCT_BUNDLE_IDENTIFIER = wiki.qaq.Aibmoe;
				PRODUCT_NAME = Aibmoe;
				SDKROOT = iphoneos;
				SWIFT_EMIT_LOC_STRINGS = YES;
				SWIFT_VERSION = 5.0;
				TARGETED_DEVICE_FAMILY = "1,2";
				VALIDATE_PRODUCT = YES;
			};
			name = Release;
		};
		500413CD2776FE7F00EF24BD /* Debug */ = {
			isa = XCBuildConfiguration;
			buildSettings = {
				ASSETCATALOG_COMPILER_APPICON_NAME = AppIcon;
				ASSETCATALOG_COMPILER_GLOBAL_ACCENT_COLOR_NAME = AccentColor;
				CODE_SIGN_ENTITLEMENTS = macOS/macOS.entitlements;
				CODE_SIGN_STYLE = Automatic;
				COMBINE_HIDPI_IMAGES = YES;
				CURRENT_PROJECT_VERSION = 1;
				ENABLE_HARDENED_RUNTIME = YES;
				ENABLE_PREVIEWS = YES;
				GENERATE_INFOPLIST_FILE = YES;
				INFOPLIST_KEY_LSApplicationCategoryType = "public.app-category.utilities";
				INFOPLIST_KEY_NSHumanReadableCopyright = "Copyright © 2021 Zheng Wu & Lakr Aream. \nAll Rights Reserved.";
				LD_RUNPATH_SEARCH_PATHS = (
					"$(inherited)",
					"@executable_path/../Frameworks",
				);
				MACOSX_DEPLOYMENT_TARGET = 12.0;
				MARKETING_VERSION = 1.0;
				PRODUCT_BUNDLE_IDENTIFIER = wiki.qaq.Aibmoe;
				PRODUCT_NAME = Aibmoe;
				SDKROOT = macosx;
				SWIFT_EMIT_LOC_STRINGS = YES;
				SWIFT_VERSION = 5.0;
			};
			name = Debug;
		};
		500413CE2776FE7F00EF24BD /* Release */ = {
			isa = XCBuildConfiguration;
			buildSettings = {
				ASSETCATALOG_COMPILER_APPICON_NAME = AppIcon;
				ASSETCATALOG_COMPILER_GLOBAL_ACCENT_COLOR_NAME = AccentColor;
				CODE_SIGN_ENTITLEMENTS = macOS/macOS.entitlements;
				CODE_SIGN_STYLE = Automatic;
				COMBINE_HIDPI_IMAGES = YES;
				CURRENT_PROJECT_VERSION = 1;
				ENABLE_HARDENED_RUNTIME = YES;
				ENABLE_PREVIEWS = YES;
				GENERATE_INFOPLIST_FILE = YES;
				INFOPLIST_KEY_LSApplicationCategoryType = "public.app-category.utilities";
				INFOPLIST_KEY_NSHumanReadableCopyright = "Copyright © 2021 Zheng Wu & Lakr Aream. \nAll Rights Reserved.";
				LD_RUNPATH_SEARCH_PATHS = (
					"$(inherited)",
					"@executable_path/../Frameworks",
				);
				MACOSX_DEPLOYMENT_TARGET = 12.0;
				MARKETING_VERSION = 1.0;
				PRODUCT_BUNDLE_IDENTIFIER = wiki.qaq.Aibmoe;
				PRODUCT_NAME = Aibmoe;
				SDKROOT = macosx;
				SWIFT_EMIT_LOC_STRINGS = YES;
				SWIFT_VERSION = 5.0;
			};
			name = Release;
		};
/* End XCBuildConfiguration section */

/* Begin XCConfigurationList section */
		500413AF2776FE7E00EF24BD /* Build configuration list for PBXProject "Aibmoe" */ = {
			isa = XCConfigurationList;
			buildConfigurations = (
				500413C72776FE7F00EF24BD /* Debug */,
				500413C82776FE7F00EF24BD /* Release */,
			);
			defaultConfigurationIsVisible = 0;
			defaultConfigurationName = Release;
		};
		500413C92776FE7F00EF24BD /* Build configuration list for PBXNativeTarget "Aibmoe (iOS)" */ = {
			isa = XCConfigurationList;
			buildConfigurations = (
				500413CA2776FE7F00EF24BD /* Debug */,
				500413CB2776FE7F00EF24BD /* Release */,
			);
			defaultConfigurationIsVisible = 0;
			defaultConfigurationName = Release;
		};
		500413CC2776FE7F00EF24BD /* Build configuration list for PBXNativeTarget "Aibmoe (macOS)" */ = {
			isa = XCConfigurationList;
			buildConfigurations = (
				500413CD2776FE7F00EF24BD /* Debug */,
				500413CE2776FE7F00EF24BD /* Release */,
			);
			defaultConfigurationIsVisible = 0;
			defaultConfigurationName = Release;
		};
/* End XCConfigurationList section */

/* Begin XCRemoteSwiftPackageReference section */
		500413D5277706F000EF24BD /* XCRemoteSwiftPackageReference "SwiftAmbiguousPNGPacker" */ = {
			isa = XCRemoteSwiftPackageReference;
			repositoryURL = "https://github.com/Lessica/SwiftAmbiguousPNGPacker";
			requirement = {
				branch = main;
				kind = branch;
			};
		};
/* End XCRemoteSwiftPackageReference section */

/* Begin XCSwiftPackageProductDependency section */
		500413D6277706F000EF24BD /* SwiftAmbiguousPNGPacker */ = {
			isa = XCSwiftPackageProductDependency;
			package = 500413D5277706F000EF24BD /* XCRemoteSwiftPackageReference "SwiftAmbiguousPNGPacker" */;
			productName = SwiftAmbiguousPNGPacker;
		};
		500413D9277706FC00EF24BD /* SwiftAmbiguousPNGPacker */ = {
			isa = XCSwiftPackageProductDependency;
			package = 500413D5277706F000EF24BD /* XCRemoteSwiftPackageReference "SwiftAmbiguousPNGPacker" */;
			productName = SwiftAmbiguousPNGPacker;
		};
/* End XCSwiftPackageProductDependency section */
	};
	rootObject = 500413AC2776FE7E00EF24BD /* Project object */;
}
